// !$*UTF8*$!
{
	archiveVersion = 1;
	classes = {
	};
	objectVersion = 56;
	objects = {

/* Begin PBXBuildFile section */
		5BAF5F542AD951BB00935CCE /* AppDelegate.swift in Sources */ = {isa = PBXBuildFile; fileRef = 5BAF5F532AD951BB00935CCE /* AppDelegate.swift */; };
		5BAF5F562AD951BB00935CCE /* SceneDelegate.swift in Sources */ = {isa = PBXBuildFile; fileRef = 5BAF5F552AD951BB00935CCE /* SceneDelegate.swift */; };
		5BAF5F582AD951BB00935CCE /* MainViewController.swift in Sources */ = {isa = PBXBuildFile; fileRef = 5BAF5F572AD951BB00935CCE /* MainViewController.swift */; };
		5BAF5F5D2AD951BC00935CCE /* Assets.xcassets in Resources */ = {isa = PBXBuildFile; fileRef = 5BAF5F5C2AD951BC00935CCE /* Assets.xcassets */; };
		5BAF5F602AD951BC00935CCE /* LaunchScreen.storyboard in Resources */ = {isa = PBXBuildFile; fileRef = 5BAF5F5E2AD951BC00935CCE /* LaunchScreen.storyboard */; };
		5BAF5F6A2AD9532C00935CCE /* SnapKit in Frameworks */ = {isa = PBXBuildFile; productRef = 5BAF5F692AD9532C00935CCE /* SnapKit */; };
		5BAF5F6D2AD9588A00935CCE /* GalleryViewController.swift in Sources */ = {isa = PBXBuildFile; fileRef = 5BAF5F6C2AD9588A00935CCE /* GalleryViewController.swift */; };
		5BAF5F702AD95BF100935CCE /* Color.swift in Sources */ = {isa = PBXBuildFile; fileRef = 5BAF5F6F2AD95BF100935CCE /* Color.swift */; };
		5BAF5F792AD96FC100935CCE /* GalleryViewModel.swift in Sources */ = {isa = PBXBuildFile; fileRef = 5BAF5F782AD96FC100935CCE /* GalleryViewModel.swift */; };
		5BAF5F7C2AD9758200935CCE /* GalleryCollectionViewCell.swift in Sources */ = {isa = PBXBuildFile; fileRef = 5BAF5F7B2AD9758200935CCE /* GalleryCollectionViewCell.swift */; };
		CEB5C24A2AD991ED00E04596 /* GalleryItemModel.swift in Sources */ = {isa = PBXBuildFile; fileRef = CEB5C2492AD991ED00E04596 /* GalleryItemModel.swift */; };
/* End PBXBuildFile section */

/* Begin PBXFileReference section */
		5BAF5F502AD951BB00935CCE /* Briefing Camera App.app */ = {isa = PBXFileReference; explicitFileType = wrapper.application; includeInIndex = 0; path = "Briefing Camera App.app"; sourceTree = BUILT_PRODUCTS_DIR; };
		5BAF5F532AD951BB00935CCE /* AppDelegate.swift */ = {isa = PBXFileReference; lastKnownFileType = sourcecode.swift; path = AppDelegate.swift; sourceTree = "<group>"; };
		5BAF5F552AD951BB00935CCE /* SceneDelegate.swift */ = {isa = PBXFileReference; lastKnownFileType = sourcecode.swift; path = SceneDelegate.swift; sourceTree = "<group>"; };
		5BAF5F572AD951BB00935CCE /* MainViewController.swift */ = {isa = PBXFileReference; lastKnownFileType = sourcecode.swift; path = MainViewController.swift; sourceTree = "<group>"; };
		5BAF5F5C2AD951BC00935CCE /* Assets.xcassets */ = {isa = PBXFileReference; lastKnownFileType = folder.assetcatalog; path = Assets.xcassets; sourceTree = "<group>"; };
		5BAF5F5F2AD951BC00935CCE /* Base */ = {isa = PBXFileReference; lastKnownFileType = file.storyboard; name = Base; path = Base.lproj/LaunchScreen.storyboard; sourceTree = "<group>"; };
		5BAF5F612AD951BC00935CCE /* Info.plist */ = {isa = PBXFileReference; lastKnownFileType = text.plist.xml; path = Info.plist; sourceTree = "<group>"; };
		5BAF5F6C2AD9588A00935CCE /* GalleryViewController.swift */ = {isa = PBXFileReference; lastKnownFileType = sourcecode.swift; path = GalleryViewController.swift; sourceTree = "<group>"; };
		5BAF5F6F2AD95BF100935CCE /* Color.swift */ = {isa = PBXFileReference; lastKnownFileType = sourcecode.swift; path = Color.swift; sourceTree = "<group>"; };
		5BAF5F782AD96FC100935CCE /* GalleryViewModel.swift */ = {isa = PBXFileReference; lastKnownFileType = sourcecode.swift; path = GalleryViewModel.swift; sourceTree = "<group>"; };
		5BAF5F7B2AD9758200935CCE /* GalleryCollectionViewCell.swift */ = {isa = PBXFileReference; lastKnownFileType = sourcecode.swift; path = GalleryCollectionViewCell.swift; sourceTree = "<group>"; };
		CEB5C2492AD991ED00E04596 /* GalleryItemModel.swift */ = {isa = PBXFileReference; lastKnownFileType = sourcecode.swift; path = GalleryItemModel.swift; sourceTree = "<group>"; };
/* End PBXFileReference section */

/* Begin PBXFrameworksBuildPhase section */
		5BAF5F4D2AD951BB00935CCE /* Frameworks */ = {
			isa = PBXFrameworksBuildPhase;
			buildActionMask = 2147483647;
			files = (
				5BAF5F6A2AD9532C00935CCE /* SnapKit in Frameworks */,
			);
			runOnlyForDeploymentPostprocessing = 0;
		};
/* End PBXFrameworksBuildPhase section */

/* Begin PBXGroup section */
		5BAF5F472AD951BB00935CCE = {
			isa = PBXGroup;
			children = (
				5BAF5F522AD951BB00935CCE /* Briefing Camera App */,
				5BAF5F512AD951BB00935CCE /* Products */,
			);
			sourceTree = "<group>";
		};
		5BAF5F512AD951BB00935CCE /* Products */ = {
			isa = PBXGroup;
			children = (
				5BAF5F502AD951BB00935CCE /* Briefing Camera App.app */,
			);
			name = Products;
			sourceTree = "<group>";
		};
		5BAF5F522AD951BB00935CCE /* Briefing Camera App */ = {
			isa = PBXGroup;
			children = (
				5BAF5F532AD951BB00935CCE /* AppDelegate.swift */,
				5BAF5F552AD951BB00935CCE /* SceneDelegate.swift */,
				5BAF5F6E2AD95BC500935CCE /* Resources */,
				5BAF5F672AD9529B00935CCE /* MainViewController */,
				5BAF5F6B2AD9586400935CCE /* GalleryViewController */,
				5BAF5F5E2AD951BC00935CCE /* LaunchScreen.storyboard */,
				5BAF5F612AD951BC00935CCE /* Info.plist */,
			);
			path = "Briefing Camera App";
			sourceTree = "<group>";
		};
		5BAF5F672AD9529B00935CCE /* MainViewController */ = {
			isa = PBXGroup;
			children = (
				5BAF5F572AD951BB00935CCE /* MainViewController.swift */,
			);
			path = MainViewController;
			sourceTree = "<group>";
		};
		5BAF5F6B2AD9586400935CCE /* GalleryViewController */ = {
			isa = PBXGroup;
			children = (
				5BAF5F7A2AD9755900935CCE /* Cells */,
				5BAF5F772AD96FAF00935CCE /* ViewModel */,
				5BAF5F6C2AD9588A00935CCE /* GalleryViewController.swift */,
			);
			path = GalleryViewController;
			sourceTree = "<group>";
		};
		5BAF5F6E2AD95BC500935CCE /* Resources */ = {
			isa = PBXGroup;
			children = (
				5BAF5F5C2AD951BC00935CCE /* Assets.xcassets */,
				5BAF5F6F2AD95BF100935CCE /* Color.swift */,
			);
			path = Resources;
			sourceTree = "<group>";
		};
		5BAF5F772AD96FAF00935CCE /* ViewModel */ = {
			isa = PBXGroup;
			children = (
				5BAF5F782AD96FC100935CCE /* GalleryViewModel.swift */,
				CEB5C2492AD991ED00E04596 /* GalleryItemModel.swift */,
			);
			path = ViewModel;
			sourceTree = "<group>";
		};
		5BAF5F7A2AD9755900935CCE /* Cells */ = {
			isa = PBXGroup;
			children = (
				5BAF5F7B2AD9758200935CCE /* GalleryCollectionViewCell.swift */,
			);
			path = Cells;
			sourceTree = "<group>";
		};
/* End PBXGroup section */

/* Begin PBXNativeTarget section */
		5BAF5F4F2AD951BB00935CCE /* Briefing Camera App */ = {
			isa = PBXNativeTarget;
			buildConfigurationList = 5BAF5F642AD951BC00935CCE /* Build configuration list for PBXNativeTarget "Briefing Camera App" */;
			buildPhases = (
				5BAF5F4C2AD951BB00935CCE /* Sources */,
				5BAF5F4D2AD951BB00935CCE /* Frameworks */,
				5BAF5F4E2AD951BB00935CCE /* Resources */,
			);
			buildRules = (
			);
			dependencies = (
			);
			name = "Briefing Camera App";
			packageProductDependencies = (
				5BAF5F692AD9532C00935CCE /* SnapKit */,
			);
			productName = "Briefing Camera App";
			productReference = 5BAF5F502AD951BB00935CCE /* Briefing Camera App.app */;
			productType = "com.apple.product-type.application";
		};
/* End PBXNativeTarget section */

/* Begin PBXProject section */
		5BAF5F482AD951BB00935CCE /* Project object */ = {
			isa = PBXProject;
			attributes = {
				BuildIndependentTargetsInParallel = 1;
				LastSwiftUpdateCheck = 1430;
				LastUpgradeCheck = 1430;
				TargetAttributes = {
					5BAF5F4F2AD951BB00935CCE = {
						CreatedOnToolsVersion = 14.3.1;
					};
				};
			};
			buildConfigurationList = 5BAF5F4B2AD951BB00935CCE /* Build configuration list for PBXProject "Briefing Camera App" */;
			compatibilityVersion = "Xcode 14.0";
			developmentRegion = en;
			hasScannedForEncodings = 0;
			knownRegions = (
				en,
				Base,
			);
			mainGroup = 5BAF5F472AD951BB00935CCE;
			packageReferences = (
				5BAF5F682AD9532C00935CCE /* XCRemoteSwiftPackageReference "SnapKit" */,
			);
			productRefGroup = 5BAF5F512AD951BB00935CCE /* Products */;
			projectDirPath = "";
			projectRoot = "";
			targets = (
				5BAF5F4F2AD951BB00935CCE /* Briefing Camera App */,
			);
		};
/* End PBXProject section */

/* Begin PBXResourcesBuildPhase section */
		5BAF5F4E2AD951BB00935CCE /* Resources */ = {
			isa = PBXResourcesBuildPhase;
			buildActionMask = 2147483647;
			files = (
				5BAF5F602AD951BC00935CCE /* LaunchScreen.storyboard in Resources */,
				5BAF5F5D2AD951BC00935CCE /* Assets.xcassets in Resources */,
			);
			runOnlyForDeploymentPostprocessing = 0;
		};
/* End PBXResourcesBuildPhase section */

/* Begin PBXSourcesBuildPhase section */
		5BAF5F4C2AD951BB00935CCE /* Sources */ = {
			isa = PBXSourcesBuildPhase;
			buildActionMask = 2147483647;
			files = (
				5BAF5F582AD951BB00935CCE /* MainViewController.swift in Sources */,
				5BAF5F7C2AD9758200935CCE /* GalleryCollectionViewCell.swift in Sources */,
				5BAF5F792AD96FC100935CCE /* GalleryViewModel.swift in Sources */,
				CEB5C24A2AD991ED00E04596 /* GalleryItemModel.swift in Sources */,
				5BAF5F6D2AD9588A00935CCE /* GalleryViewController.swift in Sources */,
				5BAF5F542AD951BB00935CCE /* AppDelegate.swift in Sources */,
				5BAF5F702AD95BF100935CCE /* Color.swift in Sources */,
				5BAF5F562AD951BB00935CCE /* SceneDelegate.swift in Sources */,
			);
			runOnlyForDeploymentPostprocessing = 0;
		};
/* End PBXSourcesBuildPhase section */

/* Begin PBXVariantGroup section */
		5BAF5F5E2AD951BC00935CCE /* LaunchScreen.storyboard */ = {
			isa = PBXVariantGroup;
			children = (
				5BAF5F5F2AD951BC00935CCE /* Base */,
			);
			name = LaunchScreen.storyboard;
			sourceTree = "<group>";
		};
/* End PBXVariantGroup section */

/* Begin XCBuildConfiguration section */
		5BAF5F622AD951BC00935CCE /* Debug */ = {
			isa = XCBuildConfiguration;
			buildSettings = {
				ALWAYS_SEARCH_USER_PATHS = NO;
				CLANG_ANALYZER_NONNULL = YES;
				CLANG_ANALYZER_NUMBER_OBJECT_CONVERSION = YES_AGGRESSIVE;
				CLANG_CXX_LANGUAGE_STANDARD = "gnu++20";
				CLANG_ENABLE_MODULES = YES;
				CLANG_ENABLE_OBJC_ARC = YES;
				CLANG_ENABLE_OBJC_WEAK = YES;
				CLANG_WARN_BLOCK_CAPTURE_AUTORELEASING = YES;
				CLANG_WARN_BOOL_CONVERSION = YES;
				CLANG_WARN_COMMA = YES;
				CLANG_WARN_CONSTANT_CONVERSION = YES;
				CLANG_WARN_DEPRECATED_OBJC_IMPLEMENTATIONS = YES;
				CLANG_WARN_DIRECT_OBJC_ISA_USAGE = YES_ERROR;
				CLANG_WARN_DOCUMENTATION_COMMENTS = YES;
				CLANG_WARN_EMPTY_BODY = YES;
				CLANG_WARN_ENUM_CONVERSION = YES;
				CLANG_WARN_INFINITE_RECURSION = YES;
				CLANG_WARN_INT_CONVERSION = YES;
				CLANG_WARN_NON_LITERAL_NULL_CONVERSION = YES;
				CLANG_WARN_OBJC_IMPLICIT_RETAIN_SELF = YES;
				CLANG_WARN_OBJC_LITERAL_CONVERSION = YES;
				CLANG_WARN_OBJC_ROOT_CLASS = YES_ERROR;
				CLANG_WARN_QUOTED_INCLUDE_IN_FRAMEWORK_HEADER = YES;
				CLANG_WARN_RANGE_LOOP_ANALYSIS = YES;
				CLANG_WARN_STRICT_PROTOTYPES = YES;
				CLANG_WARN_SUSPICIOUS_MOVE = YES;
				CLANG_WARN_UNGUARDED_AVAILABILITY = YES_AGGRESSIVE;
				CLANG_WARN_UNREACHABLE_CODE = YES;
				CLANG_WARN__DUPLICATE_METHOD_MATCH = YES;
				COPY_PHASE_STRIP = NO;
				DEBUG_INFORMATION_FORMAT = dwarf;
				ENABLE_STRICT_OBJC_MSGSEND = YES;
				ENABLE_TESTABILITY = YES;
				GCC_C_LANGUAGE_STANDARD = gnu11;
				GCC_DYNAMIC_NO_PIC = NO;
				GCC_NO_COMMON_BLOCKS = YES;
				GCC_OPTIMIZATION_LEVEL = 0;
				GCC_PREPROCESSOR_DEFINITIONS = (
					"DEBUG=1",
					"$(inherited)",
				);
				GCC_WARN_64_TO_32_BIT_CONVERSION = YES;
				GCC_WARN_ABOUT_RETURN_TYPE = YES_ERROR;
				GCC_WARN_UNDECLARED_SELECTOR = YES;
				GCC_WARN_UNINITIALIZED_AUTOS = YES_AGGRESSIVE;
				GCC_WARN_UNUSED_FUNCTION = YES;
				GCC_WARN_UNUSED_VARIABLE = YES;
				IPHONEOS_DEPLOYMENT_TARGET = 16.4;
				MTL_ENABLE_DEBUG_INFO = INCLUDE_SOURCE;
				MTL_FAST_MATH = YES;
				ONLY_ACTIVE_ARCH = YES;
				SDKROOT = iphoneos;
				SWIFT_ACTIVE_COMPILATION_CONDITIONS = DEBUG;
				SWIFT_OPTIMIZATION_LEVEL = "-Onone";
			};
			name = Debug;
		};
		5BAF5F632AD951BC00935CCE /* Release */ = {
			isa = XCBuildConfiguration;
			buildSettings = {
				ALWAYS_SEARCH_USER_PATHS = NO;
				CLANG_ANALYZER_NONNULL = YES;
				CLANG_ANALYZER_NUMBER_OBJECT_CONVERSION = YES_AGGRESSIVE;
				CLANG_CXX_LANGUAGE_STANDARD = "gnu++20";
				CLANG_ENABLE_MODULES = YES;
				CLANG_ENABLE_OBJC_ARC = YES;
				CLANG_ENABLE_OBJC_WEAK = YES;
				CLANG_WARN_BLOCK_CAPTURE_AUTORELEASING = YES;
				CLANG_WARN_BOOL_CONVERSION = YES;
				CLANG_WARN_COMMA = YES;
				CLANG_WARN_CONSTANT_CONVERSION = YES;
				CLANG_WARN_DEPRECATED_OBJC_IMPLEMENTATIONS = YES;
				CLANG_WARN_DIRECT_OBJC_ISA_USAGE = YES_ERROR;
				CLANG_WARN_DOCUMENTATION_COMMENTS = YES;
				CLANG_WARN_EMPTY_BODY = YES;
				CLANG_WARN_ENUM_CONVERSION = YES;
				CLANG_WARN_INFINITE_RECURSION = YES;
				CLANG_WARN_INT_CONVERSION = YES;
				CLANG_WARN_NON_LITERAL_NULL_CONVERSION = YES;
				CLANG_WARN_OBJC_IMPLICIT_RETAIN_SELF = YES;
				CLANG_WARN_OBJC_LITERAL_CONVERSION = YES;
				CLANG_WARN_OBJC_ROOT_CLASS = YES_ERROR;
				CLANG_WARN_QUOTED_INCLUDE_IN_FRAMEWORK_HEADER = YES;
				CLANG_WARN_RANGE_LOOP_ANALYSIS = YES;
				CLANG_WARN_STRICT_PROTOTYPES = YES;
				CLANG_WARN_SUSPICIOUS_MOVE = YES;
				CLANG_WARN_UNGUARDED_AVAILABILITY = YES_AGGRESSIVE;
				CLANG_WARN_UNREACHABLE_CODE = YES;
				CLANG_WARN__DUPLICATE_METHOD_MATCH = YES;
				COPY_PHASE_STRIP = NO;
				DEBUG_INFORMATION_FORMAT = "dwarf-with-dsym";
				ENABLE_NS_ASSERTIONS = NO;
				ENABLE_STRICT_OBJC_MSGSEND = YES;
				GCC_C_LANGUAGE_STANDARD = gnu11;
				GCC_NO_COMMON_BLOCKS = YES;
				GCC_WARN_64_TO_32_BIT_CONVERSION = YES;
				GCC_WARN_ABOUT_RETURN_TYPE = YES_ERROR;
				GCC_WARN_UNDECLARED_SELECTOR = YES;
				GCC_WARN_UNINITIALIZED_AUTOS = YES_AGGRESSIVE;
				GCC_WARN_UNUSED_FUNCTION = YES;
				GCC_WARN_UNUSED_VARIABLE = YES;
				IPHONEOS_DEPLOYMENT_TARGET = 16.4;
				MTL_ENABLE_DEBUG_INFO = NO;
				MTL_FAST_MATH = YES;
				SDKROOT = iphoneos;
				SWIFT_COMPILATION_MODE = wholemodule;
				SWIFT_OPTIMIZATION_LEVEL = "-O";
				VALIDATE_PRODUCT = YES;
			};
			name = Release;
		};
		5BAF5F652AD951BC00935CCE /* Debug */ = {
			isa = XCBuildConfiguration;
			buildSettings = {
				ASSETCATALOG_COMPILER_APPICON_NAME = AppIcon;
				ASSETCATALOG_COMPILER_GLOBAL_ACCENT_COLOR_NAME = AccentColor;
				CODE_SIGN_STYLE = Automatic;
				CURRENT_PROJECT_VERSION = 1;
				DEVELOPMENT_TEAM = CT4ULS862J;
				GENERATE_INFOPLIST_FILE = YES;
				INFOPLIST_FILE = "Briefing Camera App/Info.plist";
				INFOPLIST_KEY_NSCameraUsageDescription = CameraUsageDescription;
				INFOPLIST_KEY_NSPhotoLibraryAddUsageDescription = PhotoLibraryAddUsageDescription;
				INFOPLIST_KEY_NSPhotoLibraryUsageDescription = PhotoLibraryUsageDescription;
				INFOPLIST_KEY_UIApplicationSupportsIndirectInputEvents = YES;
				INFOPLIST_KEY_UILaunchStoryboardName = LaunchScreen;
				INFOPLIST_KEY_UISupportedInterfaceOrientations = "UIInterfaceOrientationLandscapeLeft UIInterfaceOrientationLandscapeRight UIInterfaceOrientationPortrait UIInterfaceOrientationPortraitUpsideDown";
				IPHONEOS_DEPLOYMENT_TARGET = 15.0;
				LD_RUNPATH_SEARCH_PATHS = (
					"$(inherited)",
					"@executable_path/Frameworks",
				);
				MARKETING_VERSION = 1.0;
				PRODUCT_BUNDLE_IDENTIFIER = v.sitsko.briefing.camera.app;
				PRODUCT_NAME = "$(TARGET_NAME)";
				SWIFT_EMIT_LOC_STRINGS = YES;
				SWIFT_VERSION = 5.0;
				TARGETED_DEVICE_FAMILY = "1,2";
			};
			name = Debug;
		};
		5BAF5F662AD951BC00935CCE /* Release */ = {
			isa = XCBuildConfiguration;
			buildSettings = {
				ASSETCATALOG_COMPILER_APPICON_NAME = AppIcon;
				ASSETCATALOG_COMPILER_GLOBAL_ACCENT_COLOR_NAME = AccentColor;
				CODE_SIGN_STYLE = Automatic;
				CURRENT_PROJECT_VERSION = 1;
				DEVELOPMENT_TEAM = CT4ULS862J;
				GENERATE_INFOPLIST_FILE = YES;
				INFOPLIST_FILE = "Briefing Camera App/Info.plist";
				INFOPLIST_KEY_NSCameraUsageDescription = CameraUsageDescription;
				INFOPLIST_KEY_NSPhotoLibraryAddUsageDescription = PhotoLibraryAddUsageDescription;
				INFOPLIST_KEY_NSPhotoLibraryUsageDescription = PhotoLibraryUsageDescription;
				INFOPLIST_KEY_UIApplicationSupportsIndirectInputEvents = YES;
				INFOPLIST_KEY_UILaunchStoryboardName = LaunchScreen;
				INFOPLIST_KEY_UISupportedInterfaceOrientations = "UIInterfaceOrientationLandscapeLeft UIInterfaceOrientationLandscapeRight UIInterfaceOrientationPortrait UIInterfaceOrientationPortraitUpsideDown";
				IPHONEOS_DEPLOYMENT_TARGET = 15.0;
				LD_RUNPATH_SEARCH_PATHS = (
					"$(inherited)",
					"@executable_path/Frameworks",
				);
				MARKETING_VERSION = 1.0;
				PRODUCT_BUNDLE_IDENTIFIER = v.sitsko.briefing.camera.app;
				PRODUCT_NAME = "$(TARGET_NAME)";
				SWIFT_EMIT_LOC_STRINGS = YES;
				SWIFT_VERSION = 5.0;
				TARGETED_DEVICE_FAMILY = "1,2";
			};
			name = Release;
		};
/* End XCBuildConfiguration section */

/* Begin XCConfigurationList section */
		5BAF5F4B2AD951BB00935CCE /* Build configuration list for PBXProject "Briefing Camera App" */ = {
			isa = XCConfigurationList;
			buildConfigurations = (
				5BAF5F622AD951BC00935CCE /* Debug */,
				5BAF5F632AD951BC00935CCE /* Release */,
			);
			defaultConfigurationIsVisible = 0;
			defaultConfigurationName = Release;
		};
		5BAF5F642AD951BC00935CCE /* Build configuration list for PBXNativeTarget "Briefing Camera App" */ = {
			isa = XCConfigurationList;
			buildConfigurations = (
				5BAF5F652AD951BC00935CCE /* Debug */,
				5BAF5F662AD951BC00935CCE /* Release */,
			);
			defaultConfigurationIsVisible = 0;
			defaultConfigurationName = Release;
		};
/* End XCConfigurationList section */

/* Begin XCRemoteSwiftPackageReference section */
		5BAF5F682AD9532C00935CCE /* XCRemoteSwiftPackageReference "SnapKit" */ = {
			isa = XCRemoteSwiftPackageReference;
			repositoryURL = "https://github.com/SnapKit/SnapKit.git";
			requirement = {
				kind = upToNextMajorVersion;
				minimumVersion = 5.0.0;
			};
		};
/* End XCRemoteSwiftPackageReference section */

/* Begin XCSwiftPackageProductDependency section */
		5BAF5F692AD9532C00935CCE /* SnapKit */ = {
			isa = XCSwiftPackageProductDependency;
			package = 5BAF5F682AD9532C00935CCE /* XCRemoteSwiftPackageReference "SnapKit" */;
			productName = SnapKit;
		};
/* End XCSwiftPackageProductDependency section */
	};
	rootObject = 5BAF5F482AD951BB00935CCE /* Project object */;
}
